
Microsoft Visual Studio Solution File, Format Version 12.00
# Visual Studio Version 17
VisualStudioVersion = 17.11.35222.181
MinimumVisualStudioVersion = 10.0.40219.1
Project("{9A19103F-16F7-4668-BE54-9A1E7A4F7556}") = "WUM.Lib", "WUM.Lib\WUM.Lib.csproj", "{C1B3675B-D3B7-4B0B-A8F1-25FD2CD0D55F}"
EndProject
Project("{54A90642-561A-4BB1-A94E-469ADEE60C69}") = "wum.client", "wum.client\wum.client.esproj", "{3C1639F6-A8B6-4758-82B5-109858845865}"
EndProject
Project("{9A19103F-16F7-4668-BE54-9A1E7A4F7556}") = "WUM.Server", "WUM.Server\WUM.Server.csproj", "{761297B9-0CA4-4C8F-B54E-568BC5F6A2CC}"
EndProject
Global
	GlobalSection(SolutionConfigurationPlatforms) = preSolution
		Debug|Any CPU = Debug|Any CPU
		Release|Any CPU = Release|Any CPU
	EndGlobalSection
	GlobalSection(ProjectConfigurationPlatforms) = postSolution
		{C1B3675B-D3B7-4B0B-A8F1-25FD2CD0D55F}.Debug|Any CPU.ActiveCfg = Debug|Any CPU
		{C1B3675B-D3B7-4B0B-A8F1-25FD2CD0D55F}.Debug|Any CPU.Build.0 = Debug|Any CPU
		{C1B3675B-D3B7-4B0B-A8F1-25FD2CD0D55F}.Release|Any CPU.ActiveCfg = Release|Any CPU
		{C1B3675B-D3B7-4B0B-A8F1-25FD2CD0D55F}.Release|Any CPU.Build.0 = Release|Any CPU
		{3C1639F6-A8B6-4758-82B5-109858845865}.Debug|Any CPU.ActiveCfg = Debug|Any CPU
		{3C1639F6-A8B6-4758-82B5-109858845865}.Debug|Any CPU.Build.0 = Debug|Any CPU
		{3C1639F6-A8B6-4758-82B5-109858845865}.Debug|Any CPU.Deploy.0 = Debug|Any CPU
		{3C1639F6-A8B6-4758-82B5-109858845865}.Release|Any CPU.ActiveCfg = Release|Any CPU
		{3C1639F6-A8B6-4758-82B5-109858845865}.Release|Any CPU.Build.0 = Release|Any CPU
		{3C1639F6-A8B6-4758-82B5-109858845865}.Release|Any CPU.Deploy.0 = Release|Any CPU
		{761297B9-0CA4-4C8F-B54E-568BC5F6A2CC}.Debug|Any CPU.ActiveCfg = Debug|Any CPU
		{761297B9-0CA4-4C8F-B54E-568BC5F6A2CC}.Debug|Any CPU.Build.0 = Debug|Any CPU
		{761297B9-0CA4-4C8F-B54E-568BC5F6A2CC}.Release|Any CPU.ActiveCfg = Release|Any CPU
		{761297B9-0CA4-4C8F-B54E-568BC5F6A2CC}.Release|Any CPU.Build.0 = Release|Any CPU
	EndGlobalSection
	GlobalSection(SolutionProperties) = preSolution
		HideSolutionNode = FALSE
	EndGlobalSection
	GlobalSection(ExtensibilityGlobals) = postSolution
		SolutionGuid = {37177F7A-8C77-4E13-9E7D-EDFF51F7EF89}
	EndGlobalSection
EndGlobal
